{
  "name": "morse-code-core",
  "version": "0.1.0",
  "lockfileVersion": 2,
  "requires": true,
  "packages": {
    "": {
      "version": "0.1.0",
      "license": "MIT",
      "devDependencies": {
        "@babel/cli": "^7.12.7",
        "@babel/core": "^7.12.7",
        "@babel/node": "^7.12.6",
        "@babel/preset-env": "^7.12.7",
        "@babel/register": "^7.12.1",
        "chai": "^4.2.0",
        "mocha": "^8.2.1"
      }
    }
  }
}
